<?xml version="1.0" encoding="utf-8"?>
<Project ToolsVersion="4.0" xmlns="http://schemas.microsoft.com/developer/msbuild/2003">
  <ItemGroup>
    <ClCompile Include="main.cpp" />
    <ClCompile Include="main_connection.cpp" />
    <ClCompile Include="..\LIB.Utils\utilsLog.cpp">
      <Filter>LIB.Utils</Filter>
    </ClCompile>
    <ClCompile Include="..\LIB.Utils\utilsChrono.cpp">
      <Filter>LIB.Utils</Filter>
    </ClCompile>
    <ClCompile Include="..\LIB.Utils\utilsException.cpp">
      <Filter>LIB.Utils</Filter>
    </ClCompile>
    <ClCompile Include="..\LIB.Share\shareMQTT.cpp">
      <Filter>LIB.Share</Filter>
    </ClCompile>
    <ClCompile Include="..\LIB.Utils\utilsPacketMQTTv3_1_1.cpp">
      <Filter>LIB.Utils</Filter>
    </ClCompile>
    <ClCompile Include="..\LIB.Utils\utilsTime.cpp">
      <Filter>LIB.Utils</Filter>
    </ClCompile>
    <ClCompile Include="..\LIB.Share\shareLog.cpp" />
  </ItemGroup>
  <ItemGroup>
    <Filter Include="LIB.Utils">
      <UniqueIdentifier>{dd87bb78-259d-4d54-aaca-de35063b2906}</UniqueIdentifier>
    </Filter>
    <Filter Include="LIB.Share">
      <UniqueIdentifier>{2585f6c5-3b58-41b0-adde-c71db0695cbe}</UniqueIdentifier>
    </Filter>
    <Filter Include=".vscode">
      <UniqueIdentifier>{040ee92f-0e9f-4f10-82be-01a2cfb7e86d}</UniqueIdentifier>
    </Filter>
  </ItemGroup>
  <ItemGroup>
    <None Include="..\LIB.Utils\!Refresh.bat">
      <Filter>LIB.Utils</Filter>
    </None>
    <None Include=".vscode\c_cpp_properties.json">
      <Filter>.vscode</Filter>
    </None>
    <None Include=".vscode\launch.json">
      <Filter>.vscode</Filter>
    </None>
    <None Include=".vscode\tasks.json">
      <Filter>.vscode</Filter>
    </None>
    <None Include="SensorA.code-workspace" />
  </ItemGroup>
  <ItemGroup>
    <ClInclude Include="libConfig.h" />
    <ClInclude Include="..\LIB.Utils\utilsBase.h">
      <Filter>LIB.Utils</Filter>
    </ClInclude>
    <ClInclude Include="..\LIB.Utils\utilsExits.h">
      <Filter>LIB.Utils</Filter>
    </ClInclude>
    <ClInclude Include="..\LIB.Utils\utilsException.h">
      <Filter>LIB.Utils</Filter>
    </ClInclude>
    <ClInclude Include="main.h" />
    <ClInclude Include="..\LIB.Utils\utilsStd.h">
      <Filter>LIB.Utils</Filter>
    </ClInclude>
    <ClInclude Include="..\LIB.Utils\utilsChrono.h">
      <Filter>LIB.Utils</Filter>
    </ClInclude>
    <ClInclude Include="..\LIB.Utils\utilsLog.h">
      <Filter>LIB.Utils</Filter>
    </ClInclude>
    <ClInclude Include="..\LIB.Share\shareMQTT.h">
      <Filter>LIB.Share</Filter>
    </ClInclude>
    <ClInclude Include="..\LIB.Utils\utilsPacketMQTTv3_1_1.h">
      <Filter>LIB.Utils</Filter>
    </ClInclude>
    <ClInclude Include="..\LIB.Utils\utilsTime.h">
      <Filter>LIB.Utils</Filter>
    </ClInclude>
    <ClInclude Include="..\LIB.Utils\utilsMultithread.h">
      <Filter>LIB.Utils</Filter>
    </ClInclude>
    <ClInclude Include="..\LIB.Share\shareLog.h" />
  </ItemGroup>
</Project>