
Microsoft Visual Studio Solution File, Format Version 12.00
# Visual Studio Version 17
VisualStudioVersion = 17.10.35122.118
MinimumVisualStudioVersion = 10.0.40219.1
Project("{8BC9CEB8-8B4A-11D0-8D11-00A0C91BC942}") = "SensorA", "SensorA\SensorA.vcxproj", "{4599F981-ABF9-449D-8374-9F8DA3A930A7}"
EndProject
Project("{8BC9CEB8-8B4A-11D0-8D11-00A0C91BC942}") = "Controller", "Controller\Controller.vcxproj", "{472F44DA-D832-4D61-9075-FDB8F0B27A0A}"
EndProject
Project("{FAE04EC0-301F-11D3-BF4B-00C04F79EFBC}") = "Dashboard", "Dashboard\Dashboard.csproj", "{A26070A1-2FCD-4A21-BCB2-A6258C725771}"
EndProject
Global
	GlobalSection(SolutionConfigurationPlatforms) = preSolution
		Debug|Any CPU = Debug|Any CPU
		Debug|x64 = Debug|x64
		Debug|x86 = Debug|x86
		Release|Any CPU = Release|Any CPU
		Release|x64 = Release|x64
		Release|x86 = Release|x86
	EndGlobalSection
	GlobalSection(ProjectConfigurationPlatforms) = postSolution
		{4599F981-ABF9-449D-8374-9F8DA3A930A7}.Debug|Any CPU.ActiveCfg = Debug|x64
		{4599F981-ABF9-449D-8374-9F8DA3A930A7}.Debug|Any CPU.Build.0 = Debug|x64
		{4599F981-ABF9-449D-8374-9F8DA3A930A7}.Debug|x64.ActiveCfg = Debug|x64
		{4599F981-ABF9-449D-8374-9F8DA3A930A7}.Debug|x64.Build.0 = Debug|x64
		{4599F981-ABF9-449D-8374-9F8DA3A930A7}.Debug|x86.ActiveCfg = Debug|Win32
		{4599F981-ABF9-449D-8374-9F8DA3A930A7}.Debug|x86.Build.0 = Debug|Win32
		{4599F981-ABF9-449D-8374-9F8DA3A930A7}.Release|Any CPU.ActiveCfg = Release|x64
		{4599F981-ABF9-449D-8374-9F8DA3A930A7}.Release|Any CPU.Build.0 = Release|x64
		{4599F981-ABF9-449D-8374-9F8DA3A930A7}.Release|x64.ActiveCfg = Release|x64
		{4599F981-ABF9-449D-8374-9F8DA3A930A7}.Release|x64.Build.0 = Release|x64
		{4599F981-ABF9-449D-8374-9F8DA3A930A7}.Release|x86.ActiveCfg = Release|Win32
		{4599F981-ABF9-449D-8374-9F8DA3A930A7}.Release|x86.Build.0 = Release|Win32
		{472F44DA-D832-4D61-9075-FDB8F0B27A0A}.Debug|Any CPU.ActiveCfg = Debug|x64
		{472F44DA-D832-4D61-9075-FDB8F0B27A0A}.Debug|Any CPU.Build.0 = Debug|x64
		{472F44DA-D832-4D61-9075-FDB8F0B27A0A}.Debug|x64.ActiveCfg = Debug|x64
		{472F44DA-D832-4D61-9075-FDB8F0B27A0A}.Debug|x64.Build.0 = Debug|x64
		{472F44DA-D832-4D61-9075-FDB8F0B27A0A}.Debug|x86.ActiveCfg = Debug|Win32
		{472F44DA-D832-4D61-9075-FDB8F0B27A0A}.Debug|x86.Build.0 = Debug|Win32
		{472F44DA-D832-4D61-9075-FDB8F0B27A0A}.Release|Any CPU.ActiveCfg = Release|x64
		{472F44DA-D832-4D61-9075-FDB8F0B27A0A}.Release|Any CPU.Build.0 = Release|x64
		{472F44DA-D832-4D61-9075-FDB8F0B27A0A}.Release|x64.ActiveCfg = Release|x64
		{472F44DA-D832-4D61-9075-FDB8F0B27A0A}.Release|x64.Build.0 = Release|x64
		{472F44DA-D832-4D61-9075-FDB8F0B27A0A}.Release|x86.ActiveCfg = Release|Win32
		{472F44DA-D832-4D61-9075-FDB8F0B27A0A}.Release|x86.Build.0 = Release|Win32
		{A26070A1-2FCD-4A21-BCB2-A6258C725771}.Debug|Any CPU.ActiveCfg = Debug|Any CPU
		{A26070A1-2FCD-4A21-BCB2-A6258C725771}.Debug|Any CPU.Build.0 = Debug|Any CPU
		{A26070A1-2FCD-4A21-BCB2-A6258C725771}.Debug|x64.ActiveCfg = Debug|Any CPU
		{A26070A1-2FCD-4A21-BCB2-A6258C725771}.Debug|x64.Build.0 = Debug|Any CPU
		{A26070A1-2FCD-4A21-BCB2-A6258C725771}.Debug|x86.ActiveCfg = Debug|Any CPU
		{A26070A1-2FCD-4A21-BCB2-A6258C725771}.Debug|x86.Build.0 = Debug|Any CPU
		{A26070A1-2FCD-4A21-BCB2-A6258C725771}.Release|Any CPU.ActiveCfg = Release|Any CPU
		{A26070A1-2FCD-4A21-BCB2-A6258C725771}.Release|Any CPU.Build.0 = Release|Any CPU
		{A26070A1-2FCD-4A21-BCB2-A6258C725771}.Release|x64.ActiveCfg = Release|Any CPU
		{A26070A1-2FCD-4A21-BCB2-A6258C725771}.Release|x64.Build.0 = Release|Any CPU
		{A26070A1-2FCD-4A21-BCB2-A6258C725771}.Release|x86.ActiveCfg = Release|Any CPU
		{A26070A1-2FCD-4A21-BCB2-A6258C725771}.Release|x86.Build.0 = Release|Any CPU
	EndGlobalSection
	GlobalSection(SolutionProperties) = preSolution
		HideSolutionNode = FALSE
	EndGlobalSection
	GlobalSection(ExtensibilityGlobals) = postSolution
		SolutionGuid = {8DC4D53A-0D16-4B62-B906-E2DBB1174907}
	EndGlobalSection
EndGlobal
