<?xml version="1.0" encoding="utf-8"?>
<Project ToolsVersion="4.0" xmlns="http://schemas.microsoft.com/developer/msbuild/2003">
  <ItemGroup>
    <Filter Include="LIB.Utils">
      <UniqueIdentifier>{06952113-e8d3-4a3d-a731-92ffabb7f199}</UniqueIdentifier>
    </Filter>
    <Filter Include="LIB.Share">
      <UniqueIdentifier>{704a97b5-edb8-4861-8b19-b0be0cdddfed}</UniqueIdentifier>
    </Filter>
    <Filter Include=".vscode">
      <UniqueIdentifier>{e932f591-6203-42c4-9125-7f9104ed3d39}</UniqueIdentifier>
    </Filter>
  </ItemGroup>
  <ItemGroup>
    <ClCompile Include="main.cpp" />
    <ClCompile Include="..\LIB.Utils\utilsChrono.cpp">
      <Filter>LIB.Utils</Filter>
    </ClCompile>
    <ClCompile Include="..\LIB.Utils\utilsLog.cpp">
      <Filter>LIB.Utils</Filter>
    </ClCompile>
    <ClCompile Include="main_connection.cpp" />
    <ClCompile Include="..\LIB.Utils\utilsException.cpp">
      <Filter>LIB.Utils</Filter>
    </ClCompile>
    <ClCompile Include="..\LIB.Share\utilsShare.cpp">
      <Filter>LIB.Share</Filter>
    </ClCompile>
    <ClCompile Include="..\LIB.Share\utilsShareMQTT.cpp">
      <Filter>LIB.Share</Filter>
    </ClCompile>
    <ClCompile Include="..\LIB.Utils\utilsPacketMQTTv3_1_1.cpp">
      <Filter>LIB.Utils</Filter>
    </ClCompile>
    <ClCompile Include="..\LIB.Utils\utilsTime.cpp">
      <Filter>LIB.Utils</Filter>
    </ClCompile>
  </ItemGroup>
  <ItemGroup>
    <None Include="..\LIB.Utils\!Refresh.bat">
      <Filter>LIB.Utils</Filter>
    </None>
    <None Include=".vscode\c_cpp_properties.json">
      <Filter>.vscode</Filter>
    </None>
    <None Include=".vscode\launch.json">
      <Filter>.vscode</Filter>
    </None>
    <None Include=".vscode\settings.json">
      <Filter>.vscode</Filter>
    </None>
    <None Include=".vscode\tasks.json">
      <Filter>.vscode</Filter>
    </None>
    <None Include="Controller.code-workspace" />
  </ItemGroup>
  <ItemGroup>
    <ClInclude Include="..\LIB.Utils\utilsChrono.h">
      <Filter>LIB.Utils</Filter>
    </ClInclude>
    <ClInclude Include="..\LIB.Utils\utilsException.h">
      <Filter>LIB.Utils</Filter>
    </ClInclude>
    <ClInclude Include="..\LIB.Utils\utilsExits.h">
      <Filter>LIB.Utils</Filter>
    </ClInclude>
    <ClInclude Include="..\LIB.Utils\utilsLog.h">
      <Filter>LIB.Utils</Filter>
    </ClInclude>
    <ClInclude Include="..\LIB.Utils\utilsStd.h">
      <Filter>LIB.Utils</Filter>
    </ClInclude>
    <ClInclude Include="libConfig.h" />
    <ClInclude Include="main.h" />
    <ClInclude Include="..\LIB.Share\utilsShare.h">
      <Filter>LIB.Share</Filter>
    </ClInclude>
    <ClInclude Include="..\LIB.Share\utilsShareMQTT.h">
      <Filter>LIB.Share</Filter>
    </ClInclude>
    <ClInclude Include="..\LIB.Utils\utilsPacketMQTTv3_1_1.h">
      <Filter>LIB.Utils</Filter>
    </ClInclude>
    <ClInclude Include="..\LIB.Utils\utilsTime.h">
      <Filter>LIB.Utils</Filter>
    </ClInclude>
  </ItemGroup>
</Project>